
Microsoft Visual Studio Solution File, Format Version 12.00
# Visual Studio 15
VisualStudioVersion = 15.0.27428.2027
MinimumVisualStudioVersion = 10.0.40219.1
Project("{FAE04EC0-301F-11D3-BF4B-00C04F79EFBC}") = "Raccon", "Raccon\Raccon.csproj", "{34AC575E-103D-4C06-BE3C-4078A9880F7A}"
EndProject
Global
	GlobalSection(SolutionConfigurationPlatforms) = preSolution
		Debug|Any CPU = Debug|Any CPU
		Release|Any CPU = Release|Any CPU
	EndGlobalSection
	GlobalSection(ProjectConfigurationPlatforms) = postSolution
		{34AC575E-103D-4C06-BE3C-4078A9880F7A}.Debug|Any CPU.ActiveCfg = Debug|Any CPU
		{34AC575E-103D-4C06-BE3C-4078A9880F7A}.Debug|Any CPU.Build.0 = Debug|Any CPU
		{34AC575E-103D-4C06-BE3C-4078A9880F7A}.Release|Any CPU.ActiveCfg = Release|Any CPU
		{34AC575E-103D-4C06-BE3C-4078A9880F7A}.Release|Any CPU.Build.0 = Release|Any CPU
	EndGlobalSection
	GlobalSection(SolutionProperties) = preSolution
		HideSolutionNode = FALSE
	EndGlobalSection
	GlobalSection(ExtensibilityGlobals) = postSolution
		SolutionGuid = {0F48869D-53DE-4F63-822A-5A8A6034D6CD}
	EndGlobalSection
EndGlobal
